
Microsoft Visual Studio Solution File, Format Version 12.00
# Visual Studio Version 17
VisualStudioVersion = 17.5.33516.290
MinimumVisualStudioVersion = 10.0.40219.1
Project("{FAE04EC0-301F-11D3-BF4B-00C04F79EFBC}") = "eTickets", "eTickets\eTickets.csproj", "{ABF4D709-39DB-4748-81C3-545754C85568}"
EndProject
Global
	GlobalSection(SolutionConfigurationPlatforms) = preSolution
		Debug|Any CPU = Debug|Any CPU
		Release|Any CPU = Release|Any CPU
	EndGlobalSection
	GlobalSection(ProjectConfigurationPlatforms) = postSolution
		{ABF4D709-39DB-4748-81C3-545754C85568}.Debug|Any CPU.ActiveCfg = Debug|Any CPU
		{ABF4D709-39DB-4748-81C3-545754C85568}.Debug|Any CPU.Build.0 = Debug|Any CPU
		{ABF4D709-39DB-4748-81C3-545754C85568}.Release|Any CPU.ActiveCfg = Release|Any CPU
		{ABF4D709-39DB-4748-81C3-545754C85568}.Release|Any CPU.Build.0 = Release|Any CPU
	EndGlobalSection
	GlobalSection(SolutionProperties) = preSolution
		HideSolutionNode = FALSE
	EndGlobalSection
	GlobalSection(ExtensibilityGlobals) = postSolution
		SolutionGuid = {3B77E9A3-60A4-42FF-B474-1612FDE7F420}
	EndGlobalSection
EndGlobal
